// !$*UTF8*$!
{
	archiveVersion = 1;
	classes = {
	};
	objectVersion = 50;
	objects = {

/* Begin PBXBuildFile section */
		038DCAE6216DFBEC0029FE00 /* AppDelegate.swift in Sources */ = {isa = PBXBuildFile; fileRef = 038DCAE5216DFBEC0029FE00 /* AppDelegate.swift */; };
		038DCAE8216DFBEC0029FE00 /* ViewController.swift in Sources */ = {isa = PBXBuildFile; fileRef = 038DCAE7216DFBEC0029FE00 /* ViewController.swift */; };
		038DCAEB216DFBEC0029FE00 /* Main.storyboard in Resources */ = {isa = PBXBuildFile; fileRef = 038DCAE9216DFBEC0029FE00 /* Main.storyboard */; };
		038DCAED216DFBF30029FE00 /* Assets.xcassets in Resources */ = {isa = PBXBuildFile; fileRef = 038DCAEC216DFBF30029FE00 /* Assets.xcassets */; };
		038DCAF0216DFBF30029FE00 /* LaunchScreen.storyboard in Resources */ = {isa = PBXBuildFile; fileRef = 038DCAEE216DFBF30029FE00 /* LaunchScreen.storyboard */; };
		03994D93219575D000321A48 /* so_mwe_kotlin_mpp_swift.framework in Frameworks */ = {isa = PBXBuildFile; fileRef = 03994D92219575D000321A48 /* so_mwe_kotlin_mpp_swift.framework */; };
		03994D94219575D000321A48 /* so_mwe_kotlin_mpp_swift.framework in Embed Frameworks */ = {isa = PBXBuildFile; fileRef = 03994D92219575D000321A48 /* so_mwe_kotlin_mpp_swift.framework */; settings = {ATTRIBUTES = (CodeSignOnCopy, RemoveHeadersOnCopy, ); }; };
/* End PBXBuildFile section */

/* Begin PBXContainerItemProxy section */
		038DCAF7216DFBF30029FE00 /* PBXContainerItemProxy */ = {
			isa = PBXContainerItemProxy;
			containerPortal = 038DCADA216DFBEC0029FE00 /* Project object */;
			proxyType = 1;
			remoteGlobalIDString = 038DCAE1216DFBEC0029FE00;
			remoteInfo = App;
		};
		038DCB02216DFBF30029FE00 /* PBXContainerItemProxy */ = {
			isa = PBXContainerItemProxy;
			containerPortal = 038DCADA216DFBEC0029FE00 /* Project object */;
			proxyType = 1;
			remoteGlobalIDString = 038DCAE1216DFBEC0029FE00;
			remoteInfo = App;
		};
/* End PBXContainerItemProxy section */

/* Begin PBXCopyFilesBuildPhase section */
		0399299821708302001FE8A2 /* Embed Frameworks */ = {
			isa = PBXCopyFilesBuildPhase;
			buildActionMask = 2147483647;
			dstPath = "";
			dstSubfolderSpec = 10;
			files = (
				03994D94219575D000321A48 /* so_mwe_kotlin_mpp_swift.framework in Embed Frameworks */,
			);
			name = "Embed Frameworks";
			runOnlyForDeploymentPostprocessing = 0;
		};
/* End PBXCopyFilesBuildPhase section */

/* Begin PBXFileReference section */
		038DCAE2216DFBEC0029FE00 /* App.app */ = {isa = PBXFileReference; explicitFileType = wrapper.application; includeInIndex = 0; path = App.app; sourceTree = BUILT_PRODUCTS_DIR; };
		038DCAE5216DFBEC0029FE00 /* AppDelegate.swift */ = {isa = PBXFileReference; lastKnownFileType = sourcecode.swift; path = AppDelegate.swift; sourceTree = "<group>"; };
		038DCAE7216DFBEC0029FE00 /* ViewController.swift */ = {isa = PBXFileReference; lastKnownFileType = sourcecode.swift; path = ViewController.swift; sourceTree = "<group>"; };
		038DCAEA216DFBEC0029FE00 /* Base */ = {isa = PBXFileReference; lastKnownFileType = file.storyboard; name = Base; path = Base.lproj/Main.storyboard; sourceTree = "<group>"; };
		038DCAEC216DFBF30029FE00 /* Assets.xcassets */ = {isa = PBXFileReference; lastKnownFileType = folder.assetcatalog; path = Assets.xcassets; sourceTree = "<group>"; };
		038DCAEF216DFBF30029FE00 /* Base */ = {isa = PBXFileReference; lastKnownFileType = file.storyboard; name = Base; path = Base.lproj/LaunchScreen.storyboard; sourceTree = "<group>"; };
		038DCAF1216DFBF30029FE00 /* Info.plist */ = {isa = PBXFileReference; lastKnownFileType = text.plist.xml; path = Info.plist; sourceTree = "<group>"; };
		038DCAF6216DFBF30029FE00 /* AppTests.xctest */ = {isa = PBXFileReference; explicitFileType = wrapper.cfbundle; includeInIndex = 0; path = AppTests.xctest; sourceTree = BUILT_PRODUCTS_DIR; };
		038DCAFC216DFBF30029FE00 /* Info.plist */ = {isa = PBXFileReference; lastKnownFileType = text.plist.xml; path = Info.plist; sourceTree = "<group>"; };
		038DCB01216DFBF30029FE00 /* AppUITests.xctest */ = {isa = PBXFileReference; explicitFileType = wrapper.cfbundle; includeInIndex = 0; path = AppUITests.xctest; sourceTree = BUILT_PRODUCTS_DIR; };
		038DCB07216DFBF30029FE00 /* Info.plist */ = {isa = PBXFileReference; lastKnownFileType = text.plist.xml; path = Info.plist; sourceTree = "<group>"; };
		03994D92219575D000321A48 /* so_mwe_kotlin_mpp_swift.framework */ = {isa = PBXFileReference; lastKnownFileType = wrapper.framework; name = so_mwe_kotlin_mpp_swift.framework; path = ../../build/bin/ios/main/debug/framework/so_mwe_kotlin_mpp_swift.framework; sourceTree = "<group>"; };
/* End PBXFileReference section */

/* Begin PBXFrameworksBuildPhase section */
		038DCADF216DFBEC0029FE00 /* Frameworks */ = {
			isa = PBXFrameworksBuildPhase;
			buildActionMask = 2147483647;
			files = (
				03994D93219575D000321A48 /* so_mwe_kotlin_mpp_swift.framework in Frameworks */,
			);
			runOnlyForDeploymentPostprocessing = 0;
		};
		038DCAF3216DFBF30029FE00 /* Frameworks */ = {
			isa = PBXFrameworksBuildPhase;
			buildActionMask = 2147483647;
			files = (
			);
			runOnlyForDeploymentPostprocessing = 0;
		};
		038DCAFE216DFBF30029FE00 /* Frameworks */ = {
			isa = PBXFrameworksBuildPhase;
			buildActionMask = 2147483647;
			files = (
			);
			runOnlyForDeploymentPostprocessing = 0;
		};
/* End PBXFrameworksBuildPhase section */

/* Begin PBXGroup section */
		038DCAD9216DFBEC0029FE00 = {
			isa = PBXGroup;
			children = (
				03994D92219575D000321A48 /* so_mwe_kotlin_mpp_swift.framework */,
				038DCAE4216DFBEC0029FE00 /* App */,
				038DCAF9216DFBF30029FE00 /* AppTests */,
				038DCB04216DFBF30029FE00 /* AppUITests */,
				038DCAE3216DFBEC0029FE00 /* Products */,
			);
			sourceTree = "<group>";
		};
		038DCAE3216DFBEC0029FE00 /* Products */ = {
			isa = PBXGroup;
			children = (
				038DCAE2216DFBEC0029FE00 /* App.app */,
				038DCAF6216DFBF30029FE00 /* AppTests.xctest */,
				038DCB01216DFBF30029FE00 /* AppUITests.xctest */,
			);
			name = Products;
			sourceTree = "<group>";
		};
		038DCAE4216DFBEC0029FE00 /* App */ = {
			isa = PBXGroup;
			children = (
				038DCAE5216DFBEC0029FE00 /* AppDelegate.swift */,
				038DCAE7216DFBEC0029FE00 /* ViewController.swift */,
				038DCAE9216DFBEC0029FE00 /* Main.storyboard */,
				038DCAEC216DFBF30029FE00 /* Assets.xcassets */,
				038DCAEE216DFBF30029FE00 /* LaunchScreen.storyboard */,
				038DCAF1216DFBF30029FE00 /* Info.plist */,
			);
			path = App;
			sourceTree = "<group>";
		};
		038DCAF9216DFBF30029FE00 /* AppTests */ = {
			isa = PBXGroup;
			children = (
				038DCAFC216DFBF30029FE00 /* Info.plist */,
			);
			path = AppTests;
			sourceTree = "<group>";
		};
		038DCB04216DFBF30029FE00 /* AppUITests */ = {
			isa = PBXGroup;
			children = (
				038DCB07216DFBF30029FE00 /* Info.plist */,
			);
			path = AppUITests;
			sourceTree = "<group>";
		};
/* End PBXGroup section */

/* Begin PBXNativeTarget section */
		038DCAE1216DFBEC0029FE00 /* App */ = {
			isa = PBXNativeTarget;
			buildConfigurationList = 038DCB0A216DFBF30029FE00 /* Build configuration list for PBXNativeTarget "App" */;
			buildPhases = (
				038DCB17216E00D60029FE00 /* Kotlin */,
				038DCADE216DFBEC0029FE00 /* Sources */,
				038DCADF216DFBEC0029FE00 /* Frameworks */,
				038DCAE0216DFBEC0029FE00 /* Resources */,
				0399299821708302001FE8A2 /* Embed Frameworks */,
			);
			buildRules = (
			);
			dependencies = (
			);
			name = App;
			productName = App;
			productReference = 038DCAE2216DFBEC0029FE00 /* App.app */;
			productType = "com.apple.product-type.application";
		};
		038DCAF5216DFBF30029FE00 /* AppTests */ = {
			isa = PBXNativeTarget;
			buildConfigurationList = 038DCB0D216DFBF30029FE00 /* Build configuration list for PBXNativeTarget "AppTests" */;
			buildPhases = (
				038DCAF2216DFBF30029FE00 /* Sources */,
				038DCAF3216DFBF30029FE00 /* Frameworks */,
				038DCAF4216DFBF30029FE00 /* Resources */,
			);
			buildRules = (
			);
			dependencies = (
				038DCAF8216DFBF30029FE00 /* PBXTargetDependency */,
			);
			name = AppTests;
			productName = AppTests;
			productReference = 038DCAF6216DFBF30029FE00 /* AppTests.xctest */;
			productType = "com.apple.product-type.bundle.unit-test";
		};
		038DCB00216DFBF30029FE00 /* AppUITests */ = {
			isa = PBXNativeTarget;
			buildConfigurationList = 038DCB10216DFBF30029FE00 /* Build configuration list for PBXNativeTarget "AppUITests" */;
			buildPhases = (
				038DCAFD216DFBF30029FE00 /* Sources */,
				038DCAFE216DFBF30029FE00 /* Frameworks */,
				038DCAFF216DFBF30029FE00 /* Resources */,
			);
			buildRules = (
			);
			dependencies = (
				038DCB03216DFBF30029FE00 /* PBXTargetDependency */,
			);
			name = AppUITests;
			productName = AppUITests;
			productReference = 038DCB01216DFBF30029FE00 /* AppUITests.xctest */;
			productType = "com.apple.product-type.bundle.ui-testing";
		};
/* End PBXNativeTarget section */

/* Begin PBXProject section */
		038DCADA216DFBEC0029FE00 /* Project object */ = {
			isa = PBXProject;
			attributes = {
				LastSwiftUpdateCheck = 1000;
				LastUpgradeCheck = 1000;
				ORGANIZATIONNAME = "Brian Hoffmann";
				TargetAttributes = {
					038DCAE1216DFBEC0029FE00 = {
						CreatedOnToolsVersion = 10.0;
					};
					038DCAF5216DFBF30029FE00 = {
						CreatedOnToolsVersion = 10.0;
						TestTargetID = 038DCAE1216DFBEC0029FE00;
					};
					038DCB00216DFBF30029FE00 = {
						CreatedOnToolsVersion = 10.0;
						TestTargetID = 038DCAE1216DFBEC0029FE00;
					};
				};
			};
			buildConfigurationList = 038DCADD216DFBEC0029FE00 /* Build configuration list for PBXProject "App" */;
			compatibilityVersion = "Xcode 9.3";
			developmentRegion = en;
			hasScannedForEncodings = 0;
			knownRegions = (
				en,
				Base,
			);
			mainGroup = 038DCAD9216DFBEC0029FE00;
			productRefGroup = 038DCAE3216DFBEC0029FE00 /* Products */;
			projectDirPath = "";
			projectRoot = "";
			targets = (
				038DCAE1216DFBEC0029FE00 /* App */,
				038DCAF5216DFBF30029FE00 /* AppTests */,
				038DCB00216DFBF30029FE00 /* AppUITests */,
			);
		};
/* End PBXProject section */

/* Begin PBXResourcesBuildPhase section */
		038DCAE0216DFBEC0029FE00 /* Resources */ = {
			isa = PBXResourcesBuildPhase;
			buildActionMask = 2147483647;
			files = (
				038DCAF0216DFBF30029FE00 /* LaunchScreen.storyboard in Resources */,
				038DCAED216DFBF30029FE00 /* Assets.xcassets in Resources */,
				038DCAEB216DFBEC0029FE00 /* Main.storyboard in Resources */,
			);
			runOnlyForDeploymentPostprocessing = 0;
		};
		038DCAF4216DFBF30029FE00 /* Resources */ = {
			isa = PBXResourcesBuildPhase;
			buildActionMask = 2147483647;
			files = (
			);
			runOnlyForDeploymentPostprocessing = 0;
		};
		038DCAFF216DFBF30029FE00 /* Resources */ = {
			isa = PBXResourcesBuildPhase;
			buildActionMask = 2147483647;
			files = (
			);
			runOnlyForDeploymentPostprocessing = 0;
		};
/* End PBXResourcesBuildPhase section */

/* Begin PBXShellScriptBuildPhase section */
		038DCB17216E00D60029FE00 /* Kotlin */ = {
			isa = PBXShellScriptBuildPhase;
			buildActionMask = 2147483647;
			files = (
			);
			inputFileListPaths = (
			);
			inputPaths = (
			);
			name = Kotlin;
			outputFileListPaths = (
			);
			outputPaths = (
			);
			runOnlyForDeploymentPostprocessing = 0;
			shellPath = /bin/sh;
			shellScript = "cd \"$SRCROOT/../..\"\nchmod +x gradlew\n./gradlew :linkDebugFrameworkIos\n";
		};
/* End PBXShellScriptBuildPhase section */

/* Begin PBXSourcesBuildPhase section */
		038DCADE216DFBEC0029FE00 /* Sources */ = {
			isa = PBXSourcesBuildPhase;
			buildActionMask = 2147483647;
			files = (
				038DCAE8216DFBEC0029FE00 /* ViewController.swift in Sources */,
				038DCAE6216DFBEC0029FE00 /* AppDelegate.swift in Sources */,
			);
			runOnlyForDeploymentPostprocessing = 0;
		};
		038DCAF2216DFBF30029FE00 /* Sources */ = {
			isa = PBXSourcesBuildPhase;
			buildActionMask = 2147483647;
			files = (
			);
			runOnlyForDeploymentPostprocessing = 0;
		};
		038DCAFD216DFBF30029FE00 /* Sources */ = {
			isa = PBXSourcesBuildPhase;
			buildActionMask = 2147483647;
			files = (
			);
			runOnlyForDeploymentPostprocessing = 0;
		};
/* End PBXSourcesBuildPhase section */

/* Begin PBXTargetDependency section */
		038DCAF8216DFBF30029FE00 /* PBXTargetDependency */ = {
			isa = PBXTargetDependency;
			target = 038DCAE1216DFBEC0029FE00 /* App */;
			targetProxy = 038DCAF7216DFBF30029FE00 /* PBXContainerItemProxy */;
		};
		038DCB03216DFBF30029FE00 /* PBXTargetDependency */ = {
			isa = PBXTargetDependency;
			target = 038DCAE1216DFBEC0029FE00 /* App */;
			targetProxy = 038DCB02216DFBF30029FE00 /* PBXContainerItemProxy */;
		};
/* End PBXTargetDependency section */

/* Begin PBXVariantGroup section */
		038DCAE9216DFBEC0029FE00 /* Main.storyboard */ = {
			isa = PBXVariantGroup;
			children = (
				038DCAEA216DFBEC0029FE00 /* Base */,
			);
			name = Main.storyboard;
			sourceTree = "<group>";
		};
		038DCAEE216DFBF30029FE00 /* LaunchScreen.storyboard */ = {
			isa = PBXVariantGroup;
			children = (
				038DCAEF216DFBF30029FE00 /* Base */,
			);
			name = LaunchScreen.storyboard;
			sourceTree = "<group>";
		};
/* End PBXVariantGroup section */

/* Begin XCBuildConfiguration section */
		038DCB08216DFBF30029FE00 /* Debug */ = {
			isa = XCBuildConfiguration;
			buildSettings = {
				ALWAYS_SEARCH_USER_PATHS = NO;
				CLANG_ANALYZER_NONNULL = YES;
				CLANG_ANALYZER_NUMBER_OBJECT_CONVERSION = YES_AGGRESSIVE;
				CLANG_CXX_LANGUAGE_STANDARD = "gnu++14";
				CLANG_CXX_LIBRARY = "libc++";
				CLANG_ENABLE_MODULES = YES;
				CLANG_ENABLE_OBJC_ARC = YES;
				CLANG_ENABLE_OBJC_WEAK = YES;
				CLANG_WARN_BLOCK_CAPTURE_AUTORELEASING = YES;
				CLANG_WARN_BOOL_CONVERSION = YES;
				CLANG_WARN_COMMA = YES;
				CLANG_WARN_CONSTANT_CONVERSION = YES;
				CLANG_WARN_DEPRECATED_OBJC_IMPLEMENTATIONS = YES;
				CLANG_WARN_DIRECT_OBJC_ISA_USAGE = YES_ERROR;
				CLANG_WARN_DOCUMENTATION_COMMENTS = YES;
				CLANG_WARN_EMPTY_BODY = YES;
				CLANG_WARN_ENUM_CONVERSION = YES;
				CLANG_WARN_INFINITE_RECURSION = YES;
				CLANG_WARN_INT_CONVERSION = YES;
				CLANG_WARN_NON_LITERAL_NULL_CONVERSION = YES;
				CLANG_WARN_OBJC_IMPLICIT_RETAIN_SELF = YES;
				CLANG_WARN_OBJC_LITERAL_CONVERSION = YES;
				CLANG_WARN_OBJC_ROOT_CLASS = YES_ERROR;
				CLANG_WARN_RANGE_LOOP_ANALYSIS = YES;
				CLANG_WARN_STRICT_PROTOTYPES = YES;
				CLANG_WARN_SUSPICIOUS_MOVE = YES;
				CLANG_WARN_UNGUARDED_AVAILABILITY = YES_AGGRESSIVE;
				CLANG_WARN_UNREACHABLE_CODE = YES;
				CLANG_WARN__DUPLICATE_METHOD_MATCH = YES;
				CODE_SIGN_IDENTITY = "iPhone Developer";
				COPY_PHASE_STRIP = NO;
				DEBUG_INFORMATION_FORMAT = dwarf;
				ENABLE_STRICT_OBJC_MSGSEND = YES;
				ENABLE_TESTABILITY = YES;
				GCC_C_LANGUAGE_STANDARD = gnu11;
				GCC_DYNAMIC_NO_PIC = NO;
				GCC_NO_COMMON_BLOCKS = YES;
				GCC_OPTIMIZATION_LEVEL = 0;
				GCC_PREPROCESSOR_DEFINITIONS = (
					"DEBUG=1",
					"$(inherited)",
				);
				GCC_WARN_64_TO_32_BIT_CONVERSION = YES;
				GCC_WARN_ABOUT_RETURN_TYPE = YES_ERROR;
				GCC_WARN_UNDECLARED_SELECTOR = YES;
				GCC_WARN_UNINITIALIZED_AUTOS = YES_AGGRESSIVE;
				GCC_WARN_UNUSED_FUNCTION = YES;
				GCC_WARN_UNUSED_VARIABLE = YES;
				IPHONEOS_DEPLOYMENT_TARGET = 12.0;
				MTL_ENABLE_DEBUG_INFO = INCLUDE_SOURCE;
				MTL_FAST_MATH = YES;
				ONLY_ACTIVE_ARCH = YES;
				SDKROOT = iphoneos;
				SWIFT_ACTIVE_COMPILATION_CONDITIONS = DEBUG;
				SWIFT_OPTIMIZATION_LEVEL = "-Onone";
			};
			name = Debug;
		};
		038DCB09216DFBF30029FE00 /* Release */ = {
			isa = XCBuildConfiguration;
			buildSettings = {
				ALWAYS_SEARCH_USER_PATHS = NO;
				CLANG_ANALYZER_NONNULL = YES;
				CLANG_ANALYZER_NUMBER_OBJECT_CONVERSION = YES_AGGRESSIVE;
				CLANG_CXX_LANGUAGE_STANDARD = "gnu++14";
				CLANG_CXX_LIBRARY = "libc++";
				CLANG_ENABLE_MODULES = YES;
				CLANG_ENABLE_OBJC_ARC = YES;
				CLANG_ENABLE_OBJC_WEAK = YES;
				CLANG_WARN_BLOCK_CAPTURE_AUTORELEASING = YES;
				CLANG_WARN_BOOL_CONVERSION = YES;
				CLANG_WARN_COMMA = YES;
				CLANG_WARN_CONSTANT_CONVERSION = YES;
				CLANG_WARN_DEPRECATED_OBJC_IMPLEMENTATIONS = YES;
				CLANG_WARN_DIRECT_OBJC_ISA_USAGE = YES_ERROR;
				CLANG_WARN_DOCUMENTATION_COMMENTS = YES;
				CLANG_WARN_EMPTY_BODY = YES;
				CLANG_WARN_ENUM_CONVERSION = YES;
				CLANG_WARN_INFINITE_RECURSION = YES;
				CLANG_WARN_INT_CONVERSION = YES;
				CLANG_WARN_NON_LITERAL_NULL_CONVERSION = YES;
				CLANG_WARN_OBJC_IMPLICIT_RETAIN_SELF = YES;
				CLANG_WARN_OBJC_LITERAL_CONVERSION = YES;
				CLANG_WARN_OBJC_ROOT_CLASS = YES_ERROR;
				CLANG_WARN_RANGE_LOOP_ANALYSIS = YES;
				CLANG_WARN_STRICT_PROTOTYPES = YES;
				CLANG_WARN_SUSPICIOUS_MOVE = YES;
				CLANG_WARN_UNGUARDED_AVAILABILITY = YES_AGGRESSIVE;
				CLANG_WARN_UNREACHABLE_CODE = YES;
				CLANG_WARN__DUPLICATE_METHOD_MATCH = YES;
				CODE_SIGN_IDENTITY = "iPhone Developer";
				COPY_PHASE_STRIP = NO;
				DEBUG_INFORMATION_FORMAT = "dwarf-with-dsym";
				ENABLE_NS_ASSERTIONS = NO;
				ENABLE_STRICT_OBJC_MSGSEND = YES;
				GCC_C_LANGUAGE_STANDARD = gnu11;
				GCC_NO_COMMON_BLOCKS = YES;
				GCC_WARN_64_TO_32_BIT_CONVERSION = YES;
				GCC_WARN_ABOUT_RETURN_TYPE = YES_ERROR;
				GCC_WARN_UNDECLARED_SELECTOR = YES;
				GCC_WARN_UNINITIALIZED_AUTOS = YES_AGGRESSIVE;
				GCC_WARN_UNUSED_FUNCTION = YES;
				GCC_WARN_UNUSED_VARIABLE = YES;
				IPHONEOS_DEPLOYMENT_TARGET = 12.0;
				MTL_ENABLE_DEBUG_INFO = NO;
				MTL_FAST_MATH = YES;
				SDKROOT = iphoneos;
				SWIFT_COMPILATION_MODE = wholemodule;
				SWIFT_OPTIMIZATION_LEVEL = "-O";
				VALIDATE_PRODUCT = YES;
			};
			name = Release;
		};
		038DCB0B216DFBF30029FE00 /* Debug */ = {
			isa = XCBuildConfiguration;
			buildSettings = {
				ASSETCATALOG_COMPILER_APPICON_NAME = AppIcon;
				CODE_SIGN_STYLE = Automatic;
				DEVELOPMENT_TEAM = 9KXVMA3M87;
				ENABLE_BITCODE = NO;
				FRAMEWORK_SEARCH_PATHS = (
					"$(inherited)",
					"$(PROJECT_DIR)",
					"$(SRCROOT)/../../build/bin/ios/main/debug/framework/**",
				);
				INFOPLIST_FILE = App/Info.plist;
				IPHONEOS_DEPLOYMENT_TARGET = 10.3;
				LD_RUNPATH_SEARCH_PATHS = (
					"$(inherited)",
					"@executable_path/Frameworks",
				);
				PRODUCT_BUNDLE_IDENTIFIER = com.example.mpp.App;
				PRODUCT_NAME = "$(TARGET_NAME)";
				SWIFT_VERSION = 4.2;
				TARGETED_DEVICE_FAMILY = "1,2";
			};
			name = Debug;
		};
		038DCB0C216DFBF30029FE00 /* Release */ = {
			isa = XCBuildConfiguration;
			buildSettings = {
				ASSETCATALOG_COMPILER_APPICON_NAME = AppIcon;
				CODE_SIGN_STYLE = Automatic;
				DEVELOPMENT_TEAM = 9KXVMA3M87;
				ENABLE_BITCODE = NO;
				FRAMEWORK_SEARCH_PATHS = (
					"$(inherited)",
					"$(PROJECT_DIR)",
					"$(SRCROOT)/../../build/bin/ios/main/debug/framework/**",
				);
				INFOPLIST_FILE = App/Info.plist;
				IPHONEOS_DEPLOYMENT_TARGET = 10.3;
				LD_RUNPATH_SEARCH_PATHS = (
					"$(inherited)",
					"@executable_path/Frameworks",
				);
				PRODUCT_BUNDLE_IDENTIFIER = com.example.mpp.App;
				PRODUCT_NAME = "$(TARGET_NAME)";
				SWIFT_VERSION = 4.2;
				TARGETED_DEVICE_FAMILY = "1,2";
			};
			name = Release;
		};
		038DCB0E216DFBF30029FE00 /* Debug */ = {
			isa = XCBuildConfiguration;
			buildSettings = {
				ALWAYS_EMBED_SWIFT_STANDARD_LIBRARIES = YES;
				BUNDLE_LOADER = "$(TEST_HOST)";
				CODE_SIGN_STYLE = Automatic;
				INFOPLIST_FILE = AppTests/Info.plist;
				LD_RUNPATH_SEARCH_PATHS = (
					"$(inherited)",
					"@executable_path/Frameworks",
					"@loader_path/Frameworks",
				);
				PRODUCT_BUNDLE_IDENTIFIER = com.example.mpp.AppTests;
				PRODUCT_NAME = "$(TARGET_NAME)";
				SWIFT_VERSION = 4.2;
				TARGETED_DEVICE_FAMILY = "1,2";
				TEST_HOST = "$(BUILT_PRODUCTS_DIR)/App.app/App";
			};
			name = Debug;
		};
		038DCB0F216DFBF30029FE00 /* Release */ = {
			isa = XCBuildConfiguration;
			buildSettings = {
				ALWAYS_EMBED_SWIFT_STANDARD_LIBRARIES = YES;
				BUNDLE_LOADER = "$(TEST_HOST)";
				CODE_SIGN_STYLE = Automatic;
				INFOPLIST_FILE = AppTests/Info.plist;
				LD_RUNPATH_SEARCH_PATHS = (
					"$(inherited)",
					"@executable_path/Frameworks",
					"@loader_path/Frameworks",
				);
				PRODUCT_BUNDLE_IDENTIFIER = com.example.mpp.AppTests;
				PRODUCT_NAME = "$(TARGET_NAME)";
				SWIFT_VERSION = 4.2;
				TARGETED_DEVICE_FAMILY = "1,2";
				TEST_HOST = "$(BUILT_PRODUCTS_DIR)/App.app/App";
			};
			name = Release;
		};
		038DCB11216DFBF30029FE00 /* Debug */ = {
			isa = XCBuildConfiguration;
			buildSettings = {
				ALWAYS_EMBED_SWIFT_STANDARD_LIBRARIES = YES;
				CODE_SIGN_STYLE = Automatic;
				INFOPLIST_FILE = AppUITests/Info.plist;
				LD_RUNPATH_SEARCH_PATHS = (
					"$(inherited)",
					"@executable_path/Frameworks",
					"@loader_path/Frameworks",
				);
				PRODUCT_BUNDLE_IDENTIFIER = com.example.mpp.AppUITests;
				PRODUCT_NAME = "$(TARGET_NAME)";
				SWIFT_VERSION = 4.2;
				TARGETED_DEVICE_FAMILY = "1,2";
				TEST_TARGET_NAME = App;
			};
			name = Debug;
		};
		038DCB12216DFBF30029FE00 /* Release */ = {
			isa = XCBuildConfiguration;
			buildSettings = {
				ALWAYS_EMBED_SWIFT_STANDARD_LIBRARIES = YES;
				CODE_SIGN_STYLE = Automatic;
				INFOPLIST_FILE = AppUITests/Info.plist;
				LD_RUNPATH_SEARCH_PATHS = (
					"$(inherited)",
					"@executable_path/Frameworks",
					"@loader_path/Frameworks",
				);
				PRODUCT_BUNDLE_IDENTIFIER = com.example.mpp.AppUITests;
				PRODUCT_NAME = "$(TARGET_NAME)";
				SWIFT_VERSION = 4.2;
				TARGETED_DEVICE_FAMILY = "1,2";
				TEST_TARGET_NAME = App;
			};
			name = Release;
		};
/* End XCBuildConfiguration section */

/* Begin XCConfigurationList section */
		038DCADD216DFBEC0029FE00 /* Build configuration list for PBXProject "App" */ = {
			isa = XCConfigurationList;
			buildConfigurations = (
				038DCB08216DFBF30029FE00 /* Debug */,
				038DCB09216DFBF30029FE00 /* Release */,
			);
			defaultConfigurationIsVisible = 0;
			defaultConfigurationName = Release;
		};
		038DCB0A216DFBF30029FE00 /* Build configuration list for PBXNativeTarget "App" */ = {
			isa = XCConfigurationList;
			buildConfigurations = (
				038DCB0B216DFBF30029FE00 /* Debug */,
				038DCB0C216DFBF30029FE00 /* Release */,
			);
			defaultConfigurationIsVisible = 0;
			defaultConfigurationName = Release;
		};
		038DCB0D216DFBF30029FE00 /* Build configuration list for PBXNativeTarget "AppTests" */ = {
			isa = XCConfigurationList;
			buildConfigurations = (
				038DCB0E216DFBF30029FE00 /* Debug */,
				038DCB0F216DFBF30029FE00 /* Release */,
			);
			defaultConfigurationIsVisible = 0;
			defaultConfigurationName = Release;
		};
		038DCB10216DFBF30029FE00 /* Build configuration list for PBXNativeTarget "AppUITests" */ = {
			isa = XCConfigurationList;
			buildConfigurations = (
				038DCB11216DFBF30029FE00 /* Debug */,
				038DCB12216DFBF30029FE00 /* Release */,
			);
			defaultConfigurationIsVisible = 0;
			defaultConfigurationName = Release;
		};
/* End XCConfigurationList section */
	};
	rootObject = 038DCADA216DFBEC0029FE00 /* Project object */;
}
